
Microsoft Visual Studio Solution File, Format Version 12.00
# Visual Studio 15
Project("{FAE04EC0-301F-11D3-BF4B-00C04F79EFBC}") = "OpenTheDoor", "OpenTheDoor.csproj", "{F4EA2DC6-BE09-49BF-B73B-8C7CF09DABBE}"
EndProject
Global
	GlobalSection(SolutionConfigurationPlatforms) = preSolution
		Debug|Any CPU = Debug|Any CPU
		Release|Any CPU = Release|Any CPU
	EndGlobalSection
	GlobalSection(ProjectConfigurationPlatforms) = postSolution
		{F4EA2DC6-BE09-49BF-B73B-8C7CF09DABBE}.Debug|Any CPU.ActiveCfg = Debug|Any CPU
		{F4EA2DC6-BE09-49BF-B73B-8C7CF09DABBE}.Debug|Any CPU.Build.0 = Debug|Any CPU
		{F4EA2DC6-BE09-49BF-B73B-8C7CF09DABBE}.Release|Any CPU.ActiveCfg = Release|Any CPU
		{F4EA2DC6-BE09-49BF-B73B-8C7CF09DABBE}.Release|Any CPU.Build.0 = Release|Any CPU
	EndGlobalSection
EndGlobal
