
Microsoft Visual Studio Solution File, Format Version 12.00
# Visual Studio Version 16
VisualStudioVersion = 16.0.28803.202
MinimumVisualStudioVersion = 10.0.40219.1
Project("{9A19103F-16F7-4668-BE54-9A1E7A4F7556}") = "Core", "Core\Core.csproj", "{F0A9D3DE-D0E4-4F42-97AF-06F03FC76F6E}"
EndProject
Project("{9A19103F-16F7-4668-BE54-9A1E7A4F7556}") = "API", "API\API.csproj", "{0890EE61-DA9A-4685-BE8F-AFF3AA699F00}"
EndProject
Global
	GlobalSection(SolutionConfigurationPlatforms) = preSolution
		Debug|Any CPU = Debug|Any CPU
		Release|Any CPU = Release|Any CPU
	EndGlobalSection
	GlobalSection(ProjectConfigurationPlatforms) = postSolution
		{F0A9D3DE-D0E4-4F42-97AF-06F03FC76F6E}.Debug|Any CPU.ActiveCfg = Debug|Any CPU
		{F0A9D3DE-D0E4-4F42-97AF-06F03FC76F6E}.Debug|Any CPU.Build.0 = Debug|Any CPU
		{F0A9D3DE-D0E4-4F42-97AF-06F03FC76F6E}.Release|Any CPU.ActiveCfg = Release|Any CPU
		{F0A9D3DE-D0E4-4F42-97AF-06F03FC76F6E}.Release|Any CPU.Build.0 = Release|Any CPU
		{0890EE61-DA9A-4685-BE8F-AFF3AA699F00}.Debug|Any CPU.ActiveCfg = Debug|Any CPU
		{0890EE61-DA9A-4685-BE8F-AFF3AA699F00}.Debug|Any CPU.Build.0 = Debug|Any CPU
		{0890EE61-DA9A-4685-BE8F-AFF3AA699F00}.Release|Any CPU.ActiveCfg = Release|Any CPU
		{0890EE61-DA9A-4685-BE8F-AFF3AA699F00}.Release|Any CPU.Build.0 = Release|Any CPU
	EndGlobalSection
	GlobalSection(SolutionProperties) = preSolution
		HideSolutionNode = FALSE
	EndGlobalSection
	GlobalSection(ExtensibilityGlobals) = postSolution
		SolutionGuid = {5B702434-433D-432B-AE0F-33D385AB0A73}
	EndGlobalSection
EndGlobal
